
Microsoft Visual Studio Solution File, Format Version 12.00
# Visual Studio Version 17
VisualStudioVersion = 17.8.34525.116
MinimumVisualStudioVersion = 10.0.40219.1
Project("{9A19103F-16F7-4668-BE54-9A1E7A4F7556}") = "LawFirmApp.API", "LawFirmApp.API\LawFirmApp.API.csproj", "{8A2F6928-08E6-4DFA-AF51-2B0C759DD3A7}"
EndProject
Project("{9A19103F-16F7-4668-BE54-9A1E7A4F7556}") = "LawFirmApp.Models", "LawFirmAPI.Model\LawFirmApp.Models.csproj", "{6A08DDFF-BE1D-405D-AD6D-4EE447F2ADD3}"
EndProject
Project("{9A19103F-16F7-4668-BE54-9A1E7A4F7556}") = "LawFirmApp.Data", "LawFirmApp.Data\LawFirmApp.Data.csproj", "{2B57E280-0CA9-44CD-B3F0-944F8D101694}"
EndProject
Project("{9A19103F-16F7-4668-BE54-9A1E7A4F7556}") = "LawFirmApp.Tests", "LawFirmApp.Tests\LawFirmApp.Tests.csproj", "{1B1F6776-8D58-4151-8200-369A59D8881C}"
EndProject
Project("{FAE04EC0-301F-11D3-BF4B-00C04F79EFBC}") = "LawFirmApp.Repositories", "LawFirmApp.Repositories\LawFirmApp.Repositories.csproj", "{E843D437-A495-4978-ABF5-970E0099DF33}"
EndProject
Global
	GlobalSection(SolutionConfigurationPlatforms) = preSolution
		Debug|Any CPU = Debug|Any CPU
		Release|Any CPU = Release|Any CPU
	EndGlobalSection
	GlobalSection(ProjectConfigurationPlatforms) = postSolution
		{8A2F6928-08E6-4DFA-AF51-2B0C759DD3A7}.Debug|Any CPU.ActiveCfg = Debug|Any CPU
		{8A2F6928-08E6-4DFA-AF51-2B0C759DD3A7}.Debug|Any CPU.Build.0 = Debug|Any CPU
		{8A2F6928-08E6-4DFA-AF51-2B0C759DD3A7}.Release|Any CPU.ActiveCfg = Release|Any CPU
		{8A2F6928-08E6-4DFA-AF51-2B0C759DD3A7}.Release|Any CPU.Build.0 = Release|Any CPU
		{6A08DDFF-BE1D-405D-AD6D-4EE447F2ADD3}.Debug|Any CPU.ActiveCfg = Debug|Any CPU
		{6A08DDFF-BE1D-405D-AD6D-4EE447F2ADD3}.Debug|Any CPU.Build.0 = Debug|Any CPU
		{6A08DDFF-BE1D-405D-AD6D-4EE447F2ADD3}.Release|Any CPU.ActiveCfg = Release|Any CPU
		{6A08DDFF-BE1D-405D-AD6D-4EE447F2ADD3}.Release|Any CPU.Build.0 = Release|Any CPU
		{2B57E280-0CA9-44CD-B3F0-944F8D101694}.Debug|Any CPU.ActiveCfg = Debug|Any CPU
		{2B57E280-0CA9-44CD-B3F0-944F8D101694}.Debug|Any CPU.Build.0 = Debug|Any CPU
		{2B57E280-0CA9-44CD-B3F0-944F8D101694}.Release|Any CPU.ActiveCfg = Release|Any CPU
		{2B57E280-0CA9-44CD-B3F0-944F8D101694}.Release|Any CPU.Build.0 = Release|Any CPU
		{1B1F6776-8D58-4151-8200-369A59D8881C}.Debug|Any CPU.ActiveCfg = Debug|Any CPU
		{1B1F6776-8D58-4151-8200-369A59D8881C}.Debug|Any CPU.Build.0 = Debug|Any CPU
		{1B1F6776-8D58-4151-8200-369A59D8881C}.Release|Any CPU.ActiveCfg = Release|Any CPU
		{1B1F6776-8D58-4151-8200-369A59D8881C}.Release|Any CPU.Build.0 = Release|Any CPU
		{E843D437-A495-4978-ABF5-970E0099DF33}.Debug|Any CPU.ActiveCfg = Debug|Any CPU
		{E843D437-A495-4978-ABF5-970E0099DF33}.Debug|Any CPU.Build.0 = Debug|Any CPU
		{E843D437-A495-4978-ABF5-970E0099DF33}.Release|Any CPU.ActiveCfg = Release|Any CPU
		{E843D437-A495-4978-ABF5-970E0099DF33}.Release|Any CPU.Build.0 = Release|Any CPU
	EndGlobalSection
	GlobalSection(SolutionProperties) = preSolution
		HideSolutionNode = FALSE
	EndGlobalSection
	GlobalSection(ExtensibilityGlobals) = postSolution
		SolutionGuid = {C31A0972-3AC6-4311-B968-C7D9027ABBBC}
	EndGlobalSection
EndGlobal
